
Microsoft Visual Studio Solution File, Format Version 12.00
# Visual Studio Version 17
VisualStudioVersion = 17.3.32929.385
MinimumVisualStudioVersion = 10.0.40219.1
Project("{FAE04EC0-301F-11D3-BF4B-00C04F79EFBC}") = "Rik-Assignment", "Rik-Assignment\Rik-Assignment.csproj", "{85682477-8A54-44BA-9BCB-6B0758C62FF0}"
EndProject
Project("{FAE04EC0-301F-11D3-BF4B-00C04F79EFBC}") = "Rik-Assignment.Tests", "Rik-Assignment.Tests\Rik-Assignment.Tests.csproj", "{C1C9DD92-F34D-4711-B061-F7341F219883}"
EndProject
Global
	GlobalSection(SolutionConfigurationPlatforms) = preSolution
		Debug|Any CPU = Debug|Any CPU
		Release|Any CPU = Release|Any CPU
	EndGlobalSection
	GlobalSection(ProjectConfigurationPlatforms) = postSolution
		{85682477-8A54-44BA-9BCB-6B0758C62FF0}.Debug|Any CPU.ActiveCfg = Debug|Any CPU
		{85682477-8A54-44BA-9BCB-6B0758C62FF0}.Debug|Any CPU.Build.0 = Debug|Any CPU
		{85682477-8A54-44BA-9BCB-6B0758C62FF0}.Release|Any CPU.ActiveCfg = Release|Any CPU
		{85682477-8A54-44BA-9BCB-6B0758C62FF0}.Release|Any CPU.Build.0 = Release|Any CPU
		{C1C9DD92-F34D-4711-B061-F7341F219883}.Debug|Any CPU.ActiveCfg = Debug|Any CPU
		{C1C9DD92-F34D-4711-B061-F7341F219883}.Debug|Any CPU.Build.0 = Debug|Any CPU
		{C1C9DD92-F34D-4711-B061-F7341F219883}.Release|Any CPU.ActiveCfg = Release|Any CPU
		{C1C9DD92-F34D-4711-B061-F7341F219883}.Release|Any CPU.Build.0 = Release|Any CPU
	EndGlobalSection
	GlobalSection(SolutionProperties) = preSolution
		HideSolutionNode = FALSE
	EndGlobalSection
	GlobalSection(ExtensibilityGlobals) = postSolution
		SolutionGuid = {333B4F4F-4B44-484A-8642-11187DFD5975}
	EndGlobalSection
EndGlobal
